{
  "name": "redshift-clightning-plugin",
  "version": "1.0.0",
  "lockfileVersion": 1,
  "requires": true,
  "dependencies": {
    "clightningjs": {
      "version": "0.2.1",
      "resolved": "https://registry.npmjs.org/clightningjs/-/clightningjs-0.2.1.tgz",
      "integrity": "sha512-sGjBGlv66ISTsZhcO9hzfOidO9bjabgDbEP28nmfJac+L+sl2HXfejiCX1A2Q5cm3vCV+wgyReYhl6/RyevrDQ=="
    }
  }
}
